
Microsoft Visual Studio Solution File, Format Version 12.00
# Visual Studio Version 17
VisualStudioVersion = 17.4.33205.214
MinimumVisualStudioVersion = 10.0.40219.1
Project("{9A19103F-16F7-4668-BE54-9A1E7A4F7556}") = "ClassRoom", "ClassRoom\ClassRoom.csproj", "{F4E56A10-3172-49E9-831E-4150288715E0}"
EndProject
Project("{9A19103F-16F7-4668-BE54-9A1E7A4F7556}") = "Docs", "Jurnal\Docs.csproj", "{10711FBD-103D-403A-A728-5C336E9E4E0E}"
EndProject
Global
	GlobalSection(SolutionConfigurationPlatforms) = preSolution
		Debug|Any CPU = Debug|Any CPU
		Release|Any CPU = Release|Any CPU
	EndGlobalSection
	GlobalSection(ProjectConfigurationPlatforms) = postSolution
		{F4E56A10-3172-49E9-831E-4150288715E0}.Debug|Any CPU.ActiveCfg = Debug|Any CPU
		{F4E56A10-3172-49E9-831E-4150288715E0}.Debug|Any CPU.Build.0 = Debug|Any CPU
		{F4E56A10-3172-49E9-831E-4150288715E0}.Release|Any CPU.ActiveCfg = Release|Any CPU
		{F4E56A10-3172-49E9-831E-4150288715E0}.Release|Any CPU.Build.0 = Release|Any CPU
		{10711FBD-103D-403A-A728-5C336E9E4E0E}.Debug|Any CPU.ActiveCfg = Debug|Any CPU
		{10711FBD-103D-403A-A728-5C336E9E4E0E}.Debug|Any CPU.Build.0 = Debug|Any CPU
		{10711FBD-103D-403A-A728-5C336E9E4E0E}.Release|Any CPU.ActiveCfg = Release|Any CPU
		{10711FBD-103D-403A-A728-5C336E9E4E0E}.Release|Any CPU.Build.0 = Release|Any CPU
	EndGlobalSection
	GlobalSection(SolutionProperties) = preSolution
		HideSolutionNode = FALSE
	EndGlobalSection
	GlobalSection(ExtensibilityGlobals) = postSolution
		SolutionGuid = {AFF41A32-96D1-4171-954B-92EB20FEAF33}
	EndGlobalSection
EndGlobal
